
Microsoft Visual Studio Solution File, Format Version 12.00
# Visual Studio 15
VisualStudioVersion = 15.0.28010.2046
MinimumVisualStudioVersion = 10.0.40219.1
Project("{9A19103F-16F7-4668-BE54-9A1E7A4F7556}") = "PlesnaSkola.WebAPI", "PlesnaSkola.WebAPI\PlesnaSkola.WebAPI.csproj", "{ADDDAFE9-C711-47C6-B860-0B97134A5D96}"
EndProject
Project("{FAE04EC0-301F-11D3-BF4B-00C04F79EFBC}") = "PlesnaSkola.Model", "PlesnaSkola.Model\PlesnaSkola.Model.csproj", "{D80ADEA2-183B-4A79-B09D-0523912CAECC}"
EndProject
Project("{2150E333-8FDC-42A3-9474-1A3956D46DE8}") = "UI", "UI", "{30AC3294-732E-4656-BF9C-84898FE34D8F}"
EndProject
Project("{FAE04EC0-301F-11D3-BF4B-00C04F79EFBC}") = "PlesnaSkola.WinUI", "PlesnaSkola.WinUI\PlesnaSkola.WinUI.csproj", "{6CF1477B-7BD1-4C21-B449-22415C9058D6}"
EndProject
Global
	GlobalSection(SolutionConfigurationPlatforms) = preSolution
		Debug|Any CPU = Debug|Any CPU
		Release|Any CPU = Release|Any CPU
	EndGlobalSection
	GlobalSection(ProjectConfigurationPlatforms) = postSolution
		{ADDDAFE9-C711-47C6-B860-0B97134A5D96}.Debug|Any CPU.ActiveCfg = Debug|Any CPU
		{ADDDAFE9-C711-47C6-B860-0B97134A5D96}.Debug|Any CPU.Build.0 = Debug|Any CPU
		{ADDDAFE9-C711-47C6-B860-0B97134A5D96}.Release|Any CPU.ActiveCfg = Release|Any CPU
		{ADDDAFE9-C711-47C6-B860-0B97134A5D96}.Release|Any CPU.Build.0 = Release|Any CPU
		{D80ADEA2-183B-4A79-B09D-0523912CAECC}.Debug|Any CPU.ActiveCfg = Debug|Any CPU
		{D80ADEA2-183B-4A79-B09D-0523912CAECC}.Debug|Any CPU.Build.0 = Debug|Any CPU
		{D80ADEA2-183B-4A79-B09D-0523912CAECC}.Release|Any CPU.ActiveCfg = Release|Any CPU
		{D80ADEA2-183B-4A79-B09D-0523912CAECC}.Release|Any CPU.Build.0 = Release|Any CPU
		{6CF1477B-7BD1-4C21-B449-22415C9058D6}.Debug|Any CPU.ActiveCfg = Debug|Any CPU
		{6CF1477B-7BD1-4C21-B449-22415C9058D6}.Debug|Any CPU.Build.0 = Debug|Any CPU
		{6CF1477B-7BD1-4C21-B449-22415C9058D6}.Release|Any CPU.ActiveCfg = Release|Any CPU
		{6CF1477B-7BD1-4C21-B449-22415C9058D6}.Release|Any CPU.Build.0 = Release|Any CPU
	EndGlobalSection
	GlobalSection(SolutionProperties) = preSolution
		HideSolutionNode = FALSE
	EndGlobalSection
	GlobalSection(NestedProjects) = preSolution
		{6CF1477B-7BD1-4C21-B449-22415C9058D6} = {30AC3294-732E-4656-BF9C-84898FE34D8F}
	EndGlobalSection
	GlobalSection(ExtensibilityGlobals) = postSolution
		SolutionGuid = {ADE8C275-2D73-40FA-8520-63D9AAC6D3BE}
	EndGlobalSection
EndGlobal
